
Microsoft Visual Studio Solution File, Format Version 12.00
# Visual Studio Version 16
VisualStudioVersion = 16.0.30717.126
MinimumVisualStudioVersion = 10.0.40219.1
Project("{FAE04EC0-301F-11D3-BF4B-00C04F79EFBC}") = "MiniGames", "MiniGames\MiniGames.csproj", "{FB647783-1771-4F0B-B187-ABC4C66A532D}"
EndProject
Global
	GlobalSection(SolutionConfigurationPlatforms) = preSolution
		Debug|Any CPU = Debug|Any CPU
		Release|Any CPU = Release|Any CPU
	EndGlobalSection
	GlobalSection(ProjectConfigurationPlatforms) = postSolution
		{FB647783-1771-4F0B-B187-ABC4C66A532D}.Debug|Any CPU.ActiveCfg = Debug|Any CPU
		{FB647783-1771-4F0B-B187-ABC4C66A532D}.Debug|Any CPU.Build.0 = Debug|Any CPU
		{FB647783-1771-4F0B-B187-ABC4C66A532D}.Release|Any CPU.ActiveCfg = Release|Any CPU
		{FB647783-1771-4F0B-B187-ABC4C66A532D}.Release|Any CPU.Build.0 = Release|Any CPU
	EndGlobalSection
	GlobalSection(SolutionProperties) = preSolution
		HideSolutionNode = FALSE
	EndGlobalSection
	GlobalSection(ExtensibilityGlobals) = postSolution
		SolutionGuid = {21532F20-24F4-4F92-ADF6-F8D86E3E0AB3}
	EndGlobalSection
EndGlobal
